// !$*UTF8*$!
{
	archiveVersion = 1;
	classes = {
	};
	objectVersion = 46;
	objects = {

/* Begin PBXBuildFile section */
		86BFBDD2193D2B65009CB3D9 /* AppDelegate.swift in Sources */ = {isa = PBXBuildFile; fileRef = 86BFBDD1193D2B65009CB3D9 /* AppDelegate.swift */; };
		86BFBDD5193D2B65009CB3D9 /* swift2.xcdatamodeld in Sources */ = {isa = PBXBuildFile; fileRef = 86BFBDD3193D2B65009CB3D9 /* swift2.xcdatamodeld */; };
		86BFBDD7193D2B65009CB3D9 /* MasterViewController.swift in Sources */ = {isa = PBXBuildFile; fileRef = 86BFBDD6193D2B65009CB3D9 /* MasterViewController.swift */; };
		86BFBDD9193D2B65009CB3D9 /* DetailViewController.swift in Sources */ = {isa = PBXBuildFile; fileRef = 86BFBDD8193D2B65009CB3D9 /* DetailViewController.swift */; };
		86BFBDDC193D2B65009CB3D9 /* Main.storyboard in Resources */ = {isa = PBXBuildFile; fileRef = 86BFBDDA193D2B65009CB3D9 /* Main.storyboard */; };
		86BFBDDE193D2B65009CB3D9 /* Images.xcassets in Resources */ = {isa = PBXBuildFile; fileRef = 86BFBDDD193D2B65009CB3D9 /* Images.xcassets */; };
		86BFBDEA193D2B65009CB3D9 /* swift2Tests.swift in Sources */ = {isa = PBXBuildFile; fileRef = 86BFBDE9193D2B65009CB3D9 /* swift2Tests.swift */; };
/* End PBXBuildFile section */

/* Begin PBXContainerItemProxy section */
		86BFBDE4193D2B65009CB3D9 /* PBXContainerItemProxy */ = {
			isa = PBXContainerItemProxy;
			containerPortal = 86BFBDC4193D2B65009CB3D9 /* Project object */;
			proxyType = 1;
			remoteGlobalIDString = 86BFBDCB193D2B65009CB3D9;
			remoteInfo = swift2;
		};
/* End PBXContainerItemProxy section */

/* Begin PBXFileReference section */
		86BFBDCC193D2B65009CB3D9 /* swift2.app */ = {isa = PBXFileReference; explicitFileType = wrapper.application; includeInIndex = 0; path = swift2.app; sourceTree = BUILT_PRODUCTS_DIR; };
		86BFBDD0193D2B65009CB3D9 /* Info.plist */ = {isa = PBXFileReference; lastKnownFileType = text.plist.xml; path = Info.plist; sourceTree = "<group>"; };
		86BFBDD1193D2B65009CB3D9 /* AppDelegate.swift */ = {isa = PBXFileReference; lastKnownFileType = sourcecode.swift; path = AppDelegate.swift; sourceTree = "<group>"; };
		86BFBDD4193D2B65009CB3D9 /* swift2.xcdatamodel */ = {isa = PBXFileReference; lastKnownFileType = wrapper.xcdatamodel; path = swift2.xcdatamodel; sourceTree = "<group>"; };
		86BFBDD6193D2B65009CB3D9 /* MasterViewController.swift */ = {isa = PBXFileReference; lastKnownFileType = sourcecode.swift; path = MasterViewController.swift; sourceTree = "<group>"; };
		86BFBDD8193D2B65009CB3D9 /* DetailViewController.swift */ = {isa = PBXFileReference; lastKnownFileType = sourcecode.swift; path = DetailViewController.swift; sourceTree = "<group>"; };
		86BFBDDB193D2B65009CB3D9 /* Base */ = {isa = PBXFileReference; lastKnownFileType = file.storyboard; name = Base; path = Base.lproj/Main.storyboard; sourceTree = "<group>"; };
		86BFBDDD193D2B65009CB3D9 /* Images.xcassets */ = {isa = PBXFileReference; lastKnownFileType = folder.assetcatalog; path = Images.xcassets; sourceTree = "<group>"; };
		86BFBDE3193D2B65009CB3D9 /* swift2Tests.xctest */ = {isa = PBXFileReference; explicitFileType = wrapper.cfbundle; includeInIndex = 0; path = swift2Tests.xctest; sourceTree = BUILT_PRODUCTS_DIR; };
		86BFBDE8193D2B65009CB3D9 /* Info.plist */ = {isa = PBXFileReference; lastKnownFileType = text.plist.xml; path = Info.plist; sourceTree = "<group>"; };
		86BFBDE9193D2B65009CB3D9 /* swift2Tests.swift */ = {isa = PBXFileReference; lastKnownFileType = sourcecode.swift; path = swift2Tests.swift; sourceTree = "<group>"; };
/* End PBXFileReference section */

/* Begin PBXFrameworksBuildPhase section */
		86BFBDC9193D2B65009CB3D9 /* Frameworks */ = {
			isa = PBXFrameworksBuildPhase;
			buildActionMask = 2147483647;
			files = (
			);
			runOnlyForDeploymentPostprocessing = 0;
		};
		86BFBDE0193D2B65009CB3D9 /* Frameworks */ = {
			isa = PBXFrameworksBuildPhase;
			buildActionMask = 2147483647;
			files = (
			);
			runOnlyForDeploymentPostprocessing = 0;
		};
/* End PBXFrameworksBuildPhase section */

/* Begin PBXGroup section */
		86BFBDC3193D2B65009CB3D9 = {
			isa = PBXGroup;
			children = (
				86BFBDCE193D2B65009CB3D9 /* swift2 */,
				86BFBDE6193D2B65009CB3D9 /* swift2Tests */,
				86BFBDCD193D2B65009CB3D9 /* Products */,
			);
			sourceTree = "<group>";
		};
		86BFBDCD193D2B65009CB3D9 /* Products */ = {
			isa = PBXGroup;
			children = (
				86BFBDCC193D2B65009CB3D9 /* swift2.app */,
				86BFBDE3193D2B65009CB3D9 /* swift2Tests.xctest */,
			);
			name = Products;
			sourceTree = "<group>";
		};
		86BFBDCE193D2B65009CB3D9 /* swift2 */ = {
			isa = PBXGroup;
			children = (
				86BFBDD1193D2B65009CB3D9 /* AppDelegate.swift */,
				86BFBDD6193D2B65009CB3D9 /* MasterViewController.swift */,
				86BFBDD8193D2B65009CB3D9 /* DetailViewController.swift */,
				86BFBDDA193D2B65009CB3D9 /* Main.storyboard */,
				86BFBDDD193D2B65009CB3D9 /* Images.xcassets */,
				86BFBDD3193D2B65009CB3D9 /* swift2.xcdatamodeld */,
				86BFBDCF193D2B65009CB3D9 /* Supporting Files */,
			);
			path = swift2;
			sourceTree = "<group>";
		};
		86BFBDCF193D2B65009CB3D9 /* Supporting Files */ = {
			isa = PBXGroup;
			children = (
				86BFBDD0193D2B65009CB3D9 /* Info.plist */,
			);
			name = "Supporting Files";
			sourceTree = "<group>";
		};
		86BFBDE6193D2B65009CB3D9 /* swift2Tests */ = {
			isa = PBXGroup;
			children = (
				86BFBDE9193D2B65009CB3D9 /* swift2Tests.swift */,
				86BFBDE7193D2B65009CB3D9 /* Supporting Files */,
			);
			path = swift2Tests;
			sourceTree = "<group>";
		};
		86BFBDE7193D2B65009CB3D9 /* Supporting Files */ = {
			isa = PBXGroup;
			children = (
				86BFBDE8193D2B65009CB3D9 /* Info.plist */,
			);
			name = "Supporting Files";
			sourceTree = "<group>";
		};
/* End PBXGroup section */

/* Begin PBXNativeTarget section */
		86BFBDCB193D2B65009CB3D9 /* swift2 */ = {
			isa = PBXNativeTarget;
			buildConfigurationList = 86BFBDED193D2B65009CB3D9 /* Build configuration list for PBXNativeTarget "swift2" */;
			buildPhases = (
				86BFBDC8193D2B65009CB3D9 /* Sources */,
				86BFBDC9193D2B65009CB3D9 /* Frameworks */,
				86BFBDCA193D2B65009CB3D9 /* Resources */,
			);
			buildRules = (
			);
			dependencies = (
			);
			name = swift2;
			productName = swift2;
			productReference = 86BFBDCC193D2B65009CB3D9 /* swift2.app */;
			productType = "com.apple.product-type.application";
		};
		86BFBDE2193D2B65009CB3D9 /* swift2Tests */ = {
			isa = PBXNativeTarget;
			buildConfigurationList = 86BFBDF0193D2B65009CB3D9 /* Build configuration list for PBXNativeTarget "swift2Tests" */;
			buildPhases = (
				86BFBDDF193D2B65009CB3D9 /* Sources */,
				86BFBDE0193D2B65009CB3D9 /* Frameworks */,
				86BFBDE1193D2B65009CB3D9 /* Resources */,
			);
			buildRules = (
			);
			dependencies = (
				86BFBDE5193D2B65009CB3D9 /* PBXTargetDependency */,
			);
			name = swift2Tests;
			productName = swift2Tests;
			productReference = 86BFBDE3193D2B65009CB3D9 /* swift2Tests.xctest */;
			productType = "com.apple.product-type.bundle.unit-test";
		};
/* End PBXNativeTarget section */

/* Begin PBXProject section */
		86BFBDC4193D2B65009CB3D9 /* Project object */ = {
			isa = PBXProject;
			attributes = {
				LastUpgradeCheck = 0600;
				ORGANIZATIONNAME = WeddingWire;
				TargetAttributes = {
					86BFBDCB193D2B65009CB3D9 = {
						CreatedOnToolsVersion = 6.0;
					};
					86BFBDE2193D2B65009CB3D9 = {
						CreatedOnToolsVersion = 6.0;
						TestTargetID = 86BFBDCB193D2B65009CB3D9;
					};
				};
			};
			buildConfigurationList = 86BFBDC7193D2B65009CB3D9 /* Build configuration list for PBXProject "swift2" */;
			compatibilityVersion = "Xcode 3.2";
			developmentRegion = English;
			hasScannedForEncodings = 0;
			knownRegions = (
				en,
				Base,
			);
			mainGroup = 86BFBDC3193D2B65009CB3D9;
			productRefGroup = 86BFBDCD193D2B65009CB3D9 /* Products */;
			projectDirPath = "";
			projectRoot = "";
			targets = (
				86BFBDCB193D2B65009CB3D9 /* swift2 */,
				86BFBDE2193D2B65009CB3D9 /* swift2Tests */,
			);
		};
/* End PBXProject section */

/* Begin PBXResourcesBuildPhase section */
		86BFBDCA193D2B65009CB3D9 /* Resources */ = {
			isa = PBXResourcesBuildPhase;
			buildActionMask = 2147483647;
			files = (
				86BFBDDC193D2B65009CB3D9 /* Main.storyboard in Resources */,
				86BFBDDE193D2B65009CB3D9 /* Images.xcassets in Resources */,
			);
			runOnlyForDeploymentPostprocessing = 0;
		};
		86BFBDE1193D2B65009CB3D9 /* Resources */ = {
			isa = PBXResourcesBuildPhase;
			buildActionMask = 2147483647;
			files = (
			);
			runOnlyForDeploymentPostprocessing = 0;
		};
/* End PBXResourcesBuildPhase section */

/* Begin PBXSourcesBuildPhase section */
		86BFBDC8193D2B65009CB3D9 /* Sources */ = {
			isa = PBXSourcesBuildPhase;
			buildActionMask = 2147483647;
			files = (
				86BFBDD5193D2B65009CB3D9 /* swift2.xcdatamodeld in Sources */,
				86BFBDD2193D2B65009CB3D9 /* AppDelegate.swift in Sources */,
				86BFBDD7193D2B65009CB3D9 /* MasterViewController.swift in Sources */,
				86BFBDD9193D2B65009CB3D9 /* DetailViewController.swift in Sources */,
			);
			runOnlyForDeploymentPostprocessing = 0;
		};
		86BFBDDF193D2B65009CB3D9 /* Sources */ = {
			isa = PBXSourcesBuildPhase;
			buildActionMask = 2147483647;
			files = (
				86BFBDEA193D2B65009CB3D9 /* swift2Tests.swift in Sources */,
			);
			runOnlyForDeploymentPostprocessing = 0;
		};
/* End PBXSourcesBuildPhase section */

/* Begin PBXTargetDependency section */
		86BFBDE5193D2B65009CB3D9 /* PBXTargetDependency */ = {
			isa = PBXTargetDependency;
			target = 86BFBDCB193D2B65009CB3D9 /* swift2 */;
			targetProxy = 86BFBDE4193D2B65009CB3D9 /* PBXContainerItemProxy */;
		};
/* End PBXTargetDependency section */

/* Begin PBXVariantGroup section */
		86BFBDDA193D2B65009CB3D9 /* Main.storyboard */ = {
			isa = PBXVariantGroup;
			children = (
				86BFBDDB193D2B65009CB3D9 /* Base */,
			);
			name = Main.storyboard;
			sourceTree = "<group>";
		};
/* End PBXVariantGroup section */

/* Begin XCBuildConfiguration section */
		86BFBDEB193D2B65009CB3D9 /* Debug */ = {
			isa = XCBuildConfiguration;
			buildSettings = {
				ALWAYS_SEARCH_USER_PATHS = NO;
				CLANG_CXX_LANGUAGE_STANDARD = "gnu++0x";
				CLANG_CXX_LIBRARY = "libc++";
				CLANG_ENABLE_MODULES = YES;
				CLANG_ENABLE_OBJC_ARC = YES;
				CLANG_WARN_BOOL_CONVERSION = YES;
				CLANG_WARN_CONSTANT_CONVERSION = YES;
				CLANG_WARN_DIRECT_OBJC_ISA_USAGE = YES_ERROR;
				CLANG_WARN_EMPTY_BODY = YES;
				CLANG_WARN_ENUM_CONVERSION = YES;
				CLANG_WARN_INT_CONVERSION = YES;
				CLANG_WARN_OBJC_ROOT_CLASS = YES_ERROR;
				CLANG_WARN_UNREACHABLE_CODE = YES;
				CLANG_WARN__DUPLICATE_METHOD_MATCH = YES;
				"CODE_SIGN_IDENTITY[sdk=iphoneos*]" = "iPhone Developer";
				COPY_PHASE_STRIP = NO;
				ENABLE_STRICT_OBJC_MSGSEND = YES;
				GCC_C_LANGUAGE_STANDARD = gnu99;
				GCC_DYNAMIC_NO_PIC = NO;
				GCC_OPTIMIZATION_LEVEL = 0;
				GCC_PREPROCESSOR_DEFINITIONS = (
					"DEBUG=1",
					"$(inherited)",
				);
				GCC_SYMBOLS_PRIVATE_EXTERN = NO;
				GCC_WARN_64_TO_32_BIT_CONVERSION = YES;
				GCC_WARN_ABOUT_RETURN_TYPE = YES_ERROR;
				GCC_WARN_UNDECLARED_SELECTOR = YES;
				GCC_WARN_UNINITIALIZED_AUTOS = YES_AGGRESSIVE;
				GCC_WARN_UNUSED_FUNCTION = YES;
				GCC_WARN_UNUSED_VARIABLE = YES;
				IPHONEOS_DEPLOYMENT_TARGET = 8.0;
				METAL_ENABLE_DEBUG_INFO = YES;
				ONLY_ACTIVE_ARCH = YES;
				SDKROOT = iphoneos;
				SWIFT_OPTIMIZATION_LEVEL = "-Onone";
			};
			name = Debug;
		};
		86BFBDEC193D2B65009CB3D9 /* Release */ = {
			isa = XCBuildConfiguration;
			buildSettings = {
				ALWAYS_SEARCH_USER_PATHS = NO;
				CLANG_CXX_LANGUAGE_STANDARD = "gnu++0x";
				CLANG_CXX_LIBRARY = "libc++";
				CLANG_ENABLE_MODULES = YES;
				CLANG_ENABLE_OBJC_ARC = YES;
				CLANG_WARN_BOOL_CONVERSION = YES;
				CLANG_WARN_CONSTANT_CONVERSION = YES;
				CLANG_WARN_DIRECT_OBJC_ISA_USAGE = YES_ERROR;
				CLANG_WARN_EMPTY_BODY = YES;
				CLANG_WARN_ENUM_CONVERSION = YES;
				CLANG_WARN_INT_CONVERSION = YES;
				CLANG_WARN_OBJC_ROOT_CLASS = YES_ERROR;
				CLANG_WARN_UNREACHABLE_CODE = YES;
				CLANG_WARN__DUPLICATE_METHOD_MATCH = YES;
				"CODE_SIGN_IDENTITY[sdk=iphoneos*]" = "iPhone Developer";
				COPY_PHASE_STRIP = YES;
				ENABLE_NS_ASSERTIONS = NO;
				ENABLE_STRICT_OBJC_MSGSEND = YES;
				GCC_C_LANGUAGE_STANDARD = gnu99;
				GCC_WARN_64_TO_32_BIT_CONVERSION = YES;
				GCC_WARN_ABOUT_RETURN_TYPE = YES_ERROR;
				GCC_WARN_UNDECLARED_SELECTOR = YES;
				GCC_WARN_UNINITIALIZED_AUTOS = YES_AGGRESSIVE;
				GCC_WARN_UNUSED_FUNCTION = YES;
				GCC_WARN_UNUSED_VARIABLE = YES;
				IPHONEOS_DEPLOYMENT_TARGET = 8.0;
				METAL_ENABLE_DEBUG_INFO = NO;
				SDKROOT = iphoneos;
				VALIDATE_PRODUCT = YES;
			};
			name = Release;
		};
		86BFBDEE193D2B65009CB3D9 /* Debug */ = {
			isa = XCBuildConfiguration;
			buildSettings = {
				ASSETCATALOG_COMPILER_APPICON_NAME = AppIcon;
				ASSETCATALOG_COMPILER_LAUNCHIMAGE_NAME = LaunchImage;
				INFOPLIST_FILE = swift2/Info.plist;
				LD_RUNPATH_SEARCH_PATHS = "$(inherited) @executable_path/Frameworks";
				PRODUCT_NAME = "$(TARGET_NAME)";
			};
			name = Debug;
		};
		86BFBDEF193D2B65009CB3D9 /* Release */ = {
			isa = XCBuildConfiguration;
			buildSettings = {
				ASSETCATALOG_COMPILER_APPICON_NAME = AppIcon;
				ASSETCATALOG_COMPILER_LAUNCHIMAGE_NAME = LaunchImage;
				INFOPLIST_FILE = swift2/Info.plist;
				LD_RUNPATH_SEARCH_PATHS = "$(inherited) @executable_path/Frameworks";
				PRODUCT_NAME = "$(TARGET_NAME)";
			};
			name = Release;
		};
		86BFBDF1193D2B65009CB3D9 /* Debug */ = {
			isa = XCBuildConfiguration;
			buildSettings = {
				BUNDLE_LOADER = "$(BUILT_PRODUCTS_DIR)/swift2.app/swift2";
				FRAMEWORK_SEARCH_PATHS = (
					"$(SDKROOT)/Developer/Library/Frameworks",
					"$(inherited)",
				);
				GCC_PREPROCESSOR_DEFINITIONS = (
					"DEBUG=1",
					"$(inherited)",
				);
				INFOPLIST_FILE = swift2Tests/Info.plist;
				LD_RUNPATH_SEARCH_PATHS = "$(inherited) @executable_path/Frameworks @loader_path/Frameworks";
				METAL_ENABLE_DEBUG_INFO = YES;
				PRODUCT_NAME = "$(TARGET_NAME)";
				TEST_HOST = "$(BUNDLE_LOADER)";
			};
			name = Debug;
		};
		86BFBDF2193D2B65009CB3D9 /* Release */ = {
			isa = XCBuildConfiguration;
			buildSettings = {
				BUNDLE_LOADER = "$(BUILT_PRODUCTS_DIR)/swift2.app/swift2";
				FRAMEWORK_SEARCH_PATHS = (
					"$(SDKROOT)/Developer/Library/Frameworks",
					"$(inherited)",
				);
				INFOPLIST_FILE = swift2Tests/Info.plist;
				LD_RUNPATH_SEARCH_PATHS = "$(inherited) @executable_path/Frameworks @loader_path/Frameworks";
				METAL_ENABLE_DEBUG_INFO = NO;
				PRODUCT_NAME = "$(TARGET_NAME)";
				TEST_HOST = "$(BUNDLE_LOADER)";
			};
			name = Release;
		};
/* End XCBuildConfiguration section */

/* Begin XCConfigurationList section */
		86BFBDC7193D2B65009CB3D9 /* Build configuration list for PBXProject "swift2" */ = {
			isa = XCConfigurationList;
			buildConfigurations = (
				86BFBDEB193D2B65009CB3D9 /* Debug */,
				86BFBDEC193D2B65009CB3D9 /* Release */,
			);
			defaultConfigurationIsVisible = 0;
			defaultConfigurationName = Release;
		};
		86BFBDED193D2B65009CB3D9 /* Build configuration list for PBXNativeTarget "swift2" */ = {
			isa = XCConfigurationList;
			buildConfigurations = (
				86BFBDEE193D2B65009CB3D9 /* Debug */,
				86BFBDEF193D2B65009CB3D9 /* Release */,
			);
			defaultConfigurationIsVisible = 0;
		};
		86BFBDF0193D2B65009CB3D9 /* Build configuration list for PBXNativeTarget "swift2Tests" */ = {
			isa = XCConfigurationList;
			buildConfigurations = (
				86BFBDF1193D2B65009CB3D9 /* Debug */,
				86BFBDF2193D2B65009CB3D9 /* Release */,
			);
			defaultConfigurationIsVisible = 0;
		};
/* End XCConfigurationList section */

/* Begin XCVersionGroup section */
		86BFBDD3193D2B65009CB3D9 /* swift2.xcdatamodeld */ = {
			isa = XCVersionGroup;
			children = (
				86BFBDD4193D2B65009CB3D9 /* swift2.xcdatamodel */,
			);
			currentVersion = 86BFBDD4193D2B65009CB3D9 /* swift2.xcdatamodel */;
			path = swift2.xcdatamodeld;
			sourceTree = "<group>";
			versionGroupType = wrapper.xcdatamodel;
		};
/* End XCVersionGroup section */
	};
	rootObject = 86BFBDC4193D2B65009CB3D9 /* Project object */;
}
